
Microsoft Visual Studio Solution File, Format Version 12.00
# Visual Studio 14
VisualStudioVersion = 14.0.23107.0
MinimumVisualStudioVersion = 10.0.40219.1
Project("{FAE04EC0-301F-11D3-BF4B-00C04F79EFBC}") = "wad_arba_00003741_ii", "wad_arba_00003741_ii\wad_arba_00003741_ii.csproj", "{D1B07308-53EA-4953-AD7E-E409F59C304B}"
EndProject
Project("{FAE04EC0-301F-11D3-BF4B-00C04F79EFBC}") = "ArbaShop.DAL", "ArbaShop.DAL\ArbaShop.DAL.csproj", "{76E3018E-65D6-4B80-9E01-DD4D3DA6BC9F}"
EndProject
Global
	GlobalSection(SolutionConfigurationPlatforms) = preSolution
		Debug|Any CPU = Debug|Any CPU
		Release|Any CPU = Release|Any CPU
	EndGlobalSection
	GlobalSection(ProjectConfigurationPlatforms) = postSolution
		{D1B07308-53EA-4953-AD7E-E409F59C304B}.Debug|Any CPU.ActiveCfg = Debug|Any CPU
		{D1B07308-53EA-4953-AD7E-E409F59C304B}.Debug|Any CPU.Build.0 = Debug|Any CPU
		{D1B07308-53EA-4953-AD7E-E409F59C304B}.Release|Any CPU.ActiveCfg = Release|Any CPU
		{D1B07308-53EA-4953-AD7E-E409F59C304B}.Release|Any CPU.Build.0 = Release|Any CPU
		{76E3018E-65D6-4B80-9E01-DD4D3DA6BC9F}.Debug|Any CPU.ActiveCfg = Debug|Any CPU
		{76E3018E-65D6-4B80-9E01-DD4D3DA6BC9F}.Debug|Any CPU.Build.0 = Debug|Any CPU
		{76E3018E-65D6-4B80-9E01-DD4D3DA6BC9F}.Release|Any CPU.ActiveCfg = Release|Any CPU
		{76E3018E-65D6-4B80-9E01-DD4D3DA6BC9F}.Release|Any CPU.Build.0 = Release|Any CPU
	EndGlobalSection
	GlobalSection(SolutionProperties) = preSolution
		HideSolutionNode = FALSE
	EndGlobalSection
EndGlobal
